{
  "name": "Recipe-Finder-Version2",
  "lockfileVersion": 3,
  "requires": true,
  "packages": {
    "": {
      "dependencies": {
        "@giphy/js-fetch-api": "^5.7.0"
      }
    },
    "node_modules/@giphy/js-fetch-api": {
      "version": "5.7.0",
      "resolved": "https://registry.npmjs.org/@giphy/js-fetch-api/-/js-fetch-api-5.7.0.tgz",
      "integrity": "sha512-5W8j7QUEnWRhW2KKlRhwHNCz0HwUeW0SlFryKFrqzE5XB8kjoAwZ2GvwtLNnkpjN0cniLE+bSGAzMKcL5Bt5Vg==",
      "license": "MIT",
      "dependencies": {
        "@giphy/js-types": "*",
        "@giphy/js-util": "*"
      }
    },
    "node_modules/@giphy/js-types": {
      "version": "5.1.0",
      "resolved": "https://registry.npmjs.org/@giphy/js-types/-/js-types-5.1.0.tgz",
      "integrity": "sha512-BZYCDtYNRR7cUWkbDLB4wmm3qmWMsVCQdUiBNOfmZ3yAazCgygKJoDI/5Rq4CK5MBaOc5LVdF8viC2WtoBdaPA==",
      "license": "MIT"
    },
    "node_modules/@giphy/js-util": {
      "version": "5.2.0",
      "resolved": "https://registry.npmjs.org/@giphy/js-util/-/js-util-5.2.0.tgz",
      "integrity": "sha512-Qt7pGh2cqiNmXLeWAgb459wK8+BuMLtIxTfg4ZksnPHPsLthiHT9hhzs2QhqUh7Pp/HOq+Cbv2etGDfnq+xiKA==",
      "license": "MIT",
      "dependencies": {
        "@giphy/js-types": "*",
        "uuid": "^9.0.0"
      }
    },
    "node_modules/uuid": {
      "version": "9.0.1",
      "resolved": "https://registry.npmjs.org/uuid/-/uuid-9.0.1.tgz",
      "integrity": "sha512-b+1eJOlsR9K8HJpow9Ok3fiWOWSIcIzXodvv0rQjVoOVNpWMpxf1wZNpt4y9h10odCNrqnYp1OBzRktckBe3sA==",
      "funding": [
        "https://github.com/sponsors/broofa",
        "https://github.com/sponsors/ctavan"
      ],
      "license": "MIT",
      "bin": {
        "uuid": "dist/bin/uuid"
      }
    }
  }
}
